
Microsoft Visual Studio Solution File, Format Version 12.00
# Visual Studio Version 17
VisualStudioVersion = 17.0.31912.275
MinimumVisualStudioVersion = 10.0.40219.1
Project("{888888A0-9F3D-457C-B088-3A5042F75D52}") = "Day1", "Day1.pyproj", "{7B84D4FB-FC18-47E2-B587-22F2B3E51DD3}"
EndProject
Global
	GlobalSection(SolutionConfigurationPlatforms) = preSolution
		Debug|Any CPU = Debug|Any CPU
		Release|Any CPU = Release|Any CPU
	EndGlobalSection
	GlobalSection(ProjectConfigurationPlatforms) = postSolution
		{7B84D4FB-FC18-47E2-B587-22F2B3E51DD3}.Debug|Any CPU.ActiveCfg = Debug|Any CPU
		{7B84D4FB-FC18-47E2-B587-22F2B3E51DD3}.Release|Any CPU.ActiveCfg = Release|Any CPU
	EndGlobalSection
	GlobalSection(SolutionProperties) = preSolution
		HideSolutionNode = FALSE
	EndGlobalSection
	GlobalSection(ExtensibilityGlobals) = postSolution
		SolutionGuid = {B50C3612-2E73-4B90-9BFB-9734B991D8CB}
	EndGlobalSection
EndGlobal
