
Microsoft Visual Studio Solution File, Format Version 12.00
# Visual Studio Version 17
VisualStudioVersion = 17.0.31912.275
MinimumVisualStudioVersion = 10.0.40219.1
Project("{888888A0-9F3D-457C-B088-3A5042F75D52}") = "Day6", "Day6.pyproj", "{A260AF65-6B40-4597-B80B-6E9A6A959BCB}"
EndProject
Global
	GlobalSection(SolutionConfigurationPlatforms) = preSolution
		Debug|Any CPU = Debug|Any CPU
		Release|Any CPU = Release|Any CPU
	EndGlobalSection
	GlobalSection(ProjectConfigurationPlatforms) = postSolution
		{A260AF65-6B40-4597-B80B-6E9A6A959BCB}.Debug|Any CPU.ActiveCfg = Debug|Any CPU
		{A260AF65-6B40-4597-B80B-6E9A6A959BCB}.Release|Any CPU.ActiveCfg = Release|Any CPU
	EndGlobalSection
	GlobalSection(SolutionProperties) = preSolution
		HideSolutionNode = FALSE
	EndGlobalSection
	GlobalSection(ExtensibilityGlobals) = postSolution
		SolutionGuid = {BA62EAA2-38F2-4F31-930C-1055261446EC}
	EndGlobalSection
EndGlobal
