
Microsoft Visual Studio Solution File, Format Version 12.00
# Visual Studio Version 17
VisualStudioVersion = 17.0.31912.275
MinimumVisualStudioVersion = 10.0.40219.1
Project("{888888A0-9F3D-457C-B088-3A5042F75D52}") = "Day21", "Day21.pyproj", "{CFD4BB74-3F32-4309-AC80-D53890A04AEB}"
EndProject
Global
	GlobalSection(SolutionConfigurationPlatforms) = preSolution
		Debug|Any CPU = Debug|Any CPU
		Release|Any CPU = Release|Any CPU
	EndGlobalSection
	GlobalSection(ProjectConfigurationPlatforms) = postSolution
		{CFD4BB74-3F32-4309-AC80-D53890A04AEB}.Debug|Any CPU.ActiveCfg = Debug|Any CPU
		{CFD4BB74-3F32-4309-AC80-D53890A04AEB}.Release|Any CPU.ActiveCfg = Release|Any CPU
	EndGlobalSection
	GlobalSection(SolutionProperties) = preSolution
		HideSolutionNode = FALSE
	EndGlobalSection
	GlobalSection(ExtensibilityGlobals) = postSolution
		SolutionGuid = {DBB895B4-342E-428D-8AF6-54180EFE4FD5}
	EndGlobalSection
EndGlobal
