
Microsoft Visual Studio Solution File, Format Version 12.00
# Visual Studio Version 17
VisualStudioVersion = 17.0.31912.275
MinimumVisualStudioVersion = 10.0.40219.1
Project("{888888A0-9F3D-457C-B088-3A5042F75D52}") = "Day13", "Day13.pyproj", "{072D9309-E0D5-420C-9BBC-0815CBD56758}"
EndProject
Global
	GlobalSection(SolutionConfigurationPlatforms) = preSolution
		Debug|Any CPU = Debug|Any CPU
		Release|Any CPU = Release|Any CPU
	EndGlobalSection
	GlobalSection(ProjectConfigurationPlatforms) = postSolution
		{072D9309-E0D5-420C-9BBC-0815CBD56758}.Debug|Any CPU.ActiveCfg = Debug|Any CPU
		{072D9309-E0D5-420C-9BBC-0815CBD56758}.Release|Any CPU.ActiveCfg = Release|Any CPU
	EndGlobalSection
	GlobalSection(SolutionProperties) = preSolution
		HideSolutionNode = FALSE
	EndGlobalSection
	GlobalSection(ExtensibilityGlobals) = postSolution
		SolutionGuid = {C2629DDE-79AD-400B-925C-FCA1CC43F204}
	EndGlobalSection
EndGlobal
