
Microsoft Visual Studio Solution File, Format Version 12.00
# Visual Studio Version 17
VisualStudioVersion = 17.0.32014.148
MinimumVisualStudioVersion = 10.0.40219.1
Project("{888888A0-9F3D-457C-B088-3A5042F75D52}") = "Day23", "Day23.pyproj", "{CBB66FB9-F3C7-404C-A0CD-666F767AFA37}"
EndProject
Global
	GlobalSection(SolutionConfigurationPlatforms) = preSolution
		Debug|Any CPU = Debug|Any CPU
		Release|Any CPU = Release|Any CPU
	EndGlobalSection
	GlobalSection(ProjectConfigurationPlatforms) = postSolution
		{CBB66FB9-F3C7-404C-A0CD-666F767AFA37}.Debug|Any CPU.ActiveCfg = Debug|Any CPU
		{CBB66FB9-F3C7-404C-A0CD-666F767AFA37}.Release|Any CPU.ActiveCfg = Release|Any CPU
	EndGlobalSection
	GlobalSection(SolutionProperties) = preSolution
		HideSolutionNode = FALSE
	EndGlobalSection
	GlobalSection(ExtensibilityGlobals) = postSolution
		SolutionGuid = {D6F26FB4-9005-4B84-9D6D-05EBBB09B7B2}
	EndGlobalSection
EndGlobal
