
Microsoft Visual Studio Solution File, Format Version 12.00
# Visual Studio Version 17
VisualStudioVersion = 17.0.32014.148
MinimumVisualStudioVersion = 10.0.40219.1
Project("{888888A0-9F3D-457C-B088-3A5042F75D52}") = "Day24", "Day24.pyproj", "{3FB7D5B6-5928-463E-A21D-54AC63C37BAC}"
EndProject
Global
	GlobalSection(SolutionConfigurationPlatforms) = preSolution
		Debug|Any CPU = Debug|Any CPU
		Release|Any CPU = Release|Any CPU
	EndGlobalSection
	GlobalSection(ProjectConfigurationPlatforms) = postSolution
		{3FB7D5B6-5928-463E-A21D-54AC63C37BAC}.Debug|Any CPU.ActiveCfg = Debug|Any CPU
		{3FB7D5B6-5928-463E-A21D-54AC63C37BAC}.Release|Any CPU.ActiveCfg = Release|Any CPU
	EndGlobalSection
	GlobalSection(SolutionProperties) = preSolution
		HideSolutionNode = FALSE
	EndGlobalSection
	GlobalSection(ExtensibilityGlobals) = postSolution
		SolutionGuid = {0672D3F1-3801-48A6-9413-38BEF1892D62}
	EndGlobalSection
EndGlobal
